
Microsoft Visual Studio Solution File, Format Version 12.00
# Visual Studio Version 16
VisualStudioVersion = 16.0.30611.23
MinimumVisualStudioVersion = 10.0.40219.1
Project("{FAE04EC0-301F-11D3-BF4B-00C04F79EFBC}") = "BlazeAMoleDemo", "BlazeAMoleDemo\BlazeAMoleDemo.csproj", "{6C825478-65BF-4D16-A217-AC127F122763}"
EndProject
Global
	GlobalSection(SolutionConfigurationPlatforms) = preSolution
		Debug|Any CPU = Debug|Any CPU
		Release|Any CPU = Release|Any CPU
	EndGlobalSection
	GlobalSection(ProjectConfigurationPlatforms) = postSolution
		{6C825478-65BF-4D16-A217-AC127F122763}.Debug|Any CPU.ActiveCfg = Debug|Any CPU
		{6C825478-65BF-4D16-A217-AC127F122763}.Debug|Any CPU.Build.0 = Debug|Any CPU
		{6C825478-65BF-4D16-A217-AC127F122763}.Release|Any CPU.ActiveCfg = Release|Any CPU
		{6C825478-65BF-4D16-A217-AC127F122763}.Release|Any CPU.Build.0 = Release|Any CPU
	EndGlobalSection
	GlobalSection(SolutionProperties) = preSolution
		HideSolutionNode = FALSE
	EndGlobalSection
	GlobalSection(ExtensibilityGlobals) = postSolution
		SolutionGuid = {B72092CB-FF90-439B-92C9-3329FBE3511F}
	EndGlobalSection
EndGlobal
